
Microsoft Visual Studio Solution File, Format Version 12.00
# Visual Studio 2012
Project("{FAE04EC0-301F-11D3-BF4B-00C04F79EFBC}") = "NorthwindModelBinding", "NorthwindModelBinding\NorthwindModelBinding.csproj", "{239F0D30-BA8B-4E65-926B-82386D372B95}"
EndProject
Global
	GlobalSection(SolutionConfigurationPlatforms) = preSolution
		Debug|Any CPU = Debug|Any CPU
		Release|Any CPU = Release|Any CPU
	EndGlobalSection
	GlobalSection(ProjectConfigurationPlatforms) = postSolution
		{239F0D30-BA8B-4E65-926B-82386D372B95}.Debug|Any CPU.ActiveCfg = Debug|Any CPU
		{239F0D30-BA8B-4E65-926B-82386D372B95}.Debug|Any CPU.Build.0 = Debug|Any CPU
		{239F0D30-BA8B-4E65-926B-82386D372B95}.Release|Any CPU.ActiveCfg = Release|Any CPU
		{239F0D30-BA8B-4E65-926B-82386D372B95}.Release|Any CPU.Build.0 = Release|Any CPU
	EndGlobalSection
	GlobalSection(SolutionProperties) = preSolution
		HideSolutionNode = FALSE
	EndGlobalSection
EndGlobal
